// !$*UTF8*$!
{
	archiveVersion = 1;
	classes = {
	};
	objectVersion = 56;
	objects = {

/* Begin PBXBuildFile section */
		440884EA29AF2F6400F28485 /* NeonButton.swift in Sources */ = {isa = PBXBuildFile; fileRef = 440884E929AF2F6400F28485 /* NeonButton.swift */; };
		4452446129ACC6FA00051F00 /* AddressView.swift in Sources */ = {isa = PBXBuildFile; fileRef = 4452446029ACC6FA00051F00 /* AddressView.swift */; };
		4452446629ACC74F00051F00 /* GreenButton.swift in Sources */ = {isa = PBXBuildFile; fileRef = 4452446529ACC74F00051F00 /* GreenButton.swift */; };
		4452446829ACC77800051F00 /* PurpleButton.swift in Sources */ = {isa = PBXBuildFile; fileRef = 4452446729ACC77800051F00 /* PurpleButton.swift */; };
		4452446A29ACC7C500051F00 /* PurpleButton.xib in Resources */ = {isa = PBXBuildFile; fileRef = 4452446929ACC7C500051F00 /* PurpleButton.xib */; };
		4452446C29ACD8F700051F00 /* Customization.swift in Sources */ = {isa = PBXBuildFile; fileRef = 4452446B29ACD8F700051F00 /* Customization.swift */; };
		4452447229AF209C00051F00 /* ViewEnums.swift in Sources */ = {isa = PBXBuildFile; fileRef = 4452447129AF209C00051F00 /* ViewEnums.swift */; };
		CE2F4D2A296EEDA300A866DE /* ActionsViewController.swift in Sources */ = {isa = PBXBuildFile; fileRef = CE2F4D29296EEDA300A866DE /* ActionsViewController.swift */; };
		CE2F4D2C2970AE0400A866DE /* Box.swift in Sources */ = {isa = PBXBuildFile; fileRef = CE2F4D2B2970AE0300A866DE /* Box.swift */; };
		CE76DADD296D7C3100970780 /* AppDelegate.swift in Sources */ = {isa = PBXBuildFile; fileRef = CE76DADC296D7C3100970780 /* AppDelegate.swift */; };
		CE76DAE1296D7C3200970780 /* ViewController.swift in Sources */ = {isa = PBXBuildFile; fileRef = CE76DAE0296D7C3200970780 /* ViewController.swift */; };
		CE76DAE4296D7C3200970780 /* Main.storyboard in Resources */ = {isa = PBXBuildFile; fileRef = CE76DAE2296D7C3200970780 /* Main.storyboard */; };
		CE76DAE9296D7C3800970780 /* Assets.xcassets in Resources */ = {isa = PBXBuildFile; fileRef = CE76DAE8296D7C3800970780 /* Assets.xcassets */; };
		CE76DAEC296D7C3800970780 /* LaunchScreen.storyboard in Resources */ = {isa = PBXBuildFile; fileRef = CE76DAEA296D7C3800970780 /* LaunchScreen.storyboard */; };
		CE76DAF5296D7D1600970780 /* BSDSocket.swift in Sources */ = {isa = PBXBuildFile; fileRef = CE76DAF4296D7D1600970780 /* BSDSocket.swift */; };
		CE76DAF7296D7DAE00970780 /* Openshowvar.swift in Sources */ = {isa = PBXBuildFile; fileRef = CE76DAF6296D7DAE00970780 /* Openshowvar.swift */; };
		CE76DAF9296DD3E800970780 /* Kuka.swift in Sources */ = {isa = PBXBuildFile; fileRef = CE76DAF8296DD3E800970780 /* Kuka.swift */; };
/* End PBXBuildFile section */

/* Begin PBXFileReference section */
		440884E929AF2F6400F28485 /* NeonButton.swift */ = {isa = PBXFileReference; lastKnownFileType = sourcecode.swift; path = NeonButton.swift; sourceTree = "<group>"; };
		4452446029ACC6FA00051F00 /* AddressView.swift */ = {isa = PBXFileReference; lastKnownFileType = sourcecode.swift; path = AddressView.swift; sourceTree = "<group>"; };
		4452446529ACC74F00051F00 /* GreenButton.swift */ = {isa = PBXFileReference; lastKnownFileType = sourcecode.swift; path = GreenButton.swift; sourceTree = "<group>"; };
		4452446729ACC77800051F00 /* PurpleButton.swift */ = {isa = PBXFileReference; lastKnownFileType = sourcecode.swift; path = PurpleButton.swift; sourceTree = "<group>"; };
		4452446929ACC7C500051F00 /* PurpleButton.xib */ = {isa = PBXFileReference; lastKnownFileType = file.xib; path = PurpleButton.xib; sourceTree = "<group>"; };
		4452446B29ACD8F700051F00 /* Customization.swift */ = {isa = PBXFileReference; lastKnownFileType = sourcecode.swift; path = Customization.swift; sourceTree = "<group>"; };
		4452447129AF209C00051F00 /* ViewEnums.swift */ = {isa = PBXFileReference; lastKnownFileType = sourcecode.swift; path = ViewEnums.swift; sourceTree = "<group>"; };
		CE2F4D29296EEDA300A866DE /* ActionsViewController.swift */ = {isa = PBXFileReference; lastKnownFileType = sourcecode.swift; path = ActionsViewController.swift; sourceTree = "<group>"; };
		CE2F4D2B2970AE0300A866DE /* Box.swift */ = {isa = PBXFileReference; lastKnownFileType = sourcecode.swift; path = Box.swift; sourceTree = "<group>"; };
		CE76DAD9296D7C3100970780 /* Kuka Connector.app */ = {isa = PBXFileReference; explicitFileType = wrapper.application; includeInIndex = 0; path = "Kuka Connector.app"; sourceTree = BUILT_PRODUCTS_DIR; };
		CE76DADC296D7C3100970780 /* AppDelegate.swift */ = {isa = PBXFileReference; lastKnownFileType = sourcecode.swift; path = AppDelegate.swift; sourceTree = "<group>"; };
		CE76DAE0296D7C3200970780 /* ViewController.swift */ = {isa = PBXFileReference; lastKnownFileType = sourcecode.swift; path = ViewController.swift; sourceTree = "<group>"; };
		CE76DAE3296D7C3200970780 /* Base */ = {isa = PBXFileReference; lastKnownFileType = file.storyboard; name = Base; path = Base.lproj/Main.storyboard; sourceTree = "<group>"; };
		CE76DAE6296D7C3200970780 /* Kuka_Connector.xcdatamodel */ = {isa = PBXFileReference; lastKnownFileType = wrapper.xcdatamodel; path = Kuka_Connector.xcdatamodel; sourceTree = "<group>"; };
		CE76DAE8296D7C3800970780 /* Assets.xcassets */ = {isa = PBXFileReference; lastKnownFileType = folder.assetcatalog; path = Assets.xcassets; sourceTree = "<group>"; };
		CE76DAEB296D7C3800970780 /* Base */ = {isa = PBXFileReference; lastKnownFileType = file.storyboard; name = Base; path = Base.lproj/LaunchScreen.storyboard; sourceTree = "<group>"; };
		CE76DAED296D7C3800970780 /* Info.plist */ = {isa = PBXFileReference; lastKnownFileType = text.plist.xml; path = Info.plist; sourceTree = "<group>"; };
		CE76DAF4296D7D1600970780 /* BSDSocket.swift */ = {isa = PBXFileReference; lastKnownFileType = sourcecode.swift; path = BSDSocket.swift; sourceTree = "<group>"; };
		CE76DAF6296D7DAE00970780 /* Openshowvar.swift */ = {isa = PBXFileReference; lastKnownFileType = sourcecode.swift; path = Openshowvar.swift; sourceTree = "<group>"; };
		CE76DAF8296DD3E800970780 /* Kuka.swift */ = {isa = PBXFileReference; lastKnownFileType = sourcecode.swift; path = Kuka.swift; sourceTree = "<group>"; };
/* End PBXFileReference section */

/* Begin PBXFrameworksBuildPhase section */
		CE76DAD6296D7C3100970780 /* Frameworks */ = {
			isa = PBXFrameworksBuildPhase;
			buildActionMask = 2147483647;
			files = (
			);
			runOnlyForDeploymentPostprocessing = 0;
		};
/* End PBXFrameworksBuildPhase section */

/* Begin PBXGroup section */
		4452445B29ACC67700051F00 /* Model */ = {
			isa = PBXGroup;
			children = (
			);
			path = Model;
			sourceTree = "<group>";
		};
		4452445C29ACC67C00051F00 /* View */ = {
			isa = PBXGroup;
			children = (
				4452446229ACC70900051F00 /* Buttons */,
				4452445F29ACC6A200051F00 /* AddressView */,
				4452446B29ACD8F700051F00 /* Customization.swift */,
				4452447129AF209C00051F00 /* ViewEnums.swift */,
			);
			path = View;
			sourceTree = "<group>";
		};
		4452445F29ACC6A200051F00 /* AddressView */ = {
			isa = PBXGroup;
			children = (
				4452446029ACC6FA00051F00 /* AddressView.swift */,
			);
			path = AddressView;
			sourceTree = "<group>";
		};
		4452446229ACC70900051F00 /* Buttons */ = {
			isa = PBXGroup;
			children = (
				4452446429ACC72600051F00 /* PurpleButton */,
				4452446329ACC71600051F00 /* GreenButton */,
				440884E929AF2F6400F28485 /* NeonButton.swift */,
			);
			path = Buttons;
			sourceTree = "<group>";
		};
		4452446329ACC71600051F00 /* GreenButton */ = {
			isa = PBXGroup;
			children = (
				4452446529ACC74F00051F00 /* GreenButton.swift */,
			);
			path = GreenButton;
			sourceTree = "<group>";
		};
		4452446429ACC72600051F00 /* PurpleButton */ = {
			isa = PBXGroup;
			children = (
				4452446729ACC77800051F00 /* PurpleButton.swift */,
				4452446929ACC7C500051F00 /* PurpleButton.xib */,
			);
			path = PurpleButton;
			sourceTree = "<group>";
		};
		4452446F29AF204900051F00 /* Coordinator */ = {
			isa = PBXGroup;
			children = (
			);
			path = Coordinator;
			sourceTree = "<group>";
		};
		4452447029AF205C00051F00 /* ViewModel */ = {
			isa = PBXGroup;
			children = (
			);
			path = ViewModel;
			sourceTree = "<group>";
		};
		CE76DAD0296D7C3100970780 = {
			isa = PBXGroup;
			children = (
				CE76DADB296D7C3100970780 /* Kuka Connector */,
				CE76DADA296D7C3100970780 /* Products */,
			);
			sourceTree = "<group>";
		};
		CE76DADA296D7C3100970780 /* Products */ = {
			isa = PBXGroup;
			children = (
				CE76DAD9296D7C3100970780 /* Kuka Connector.app */,
			);
			name = Products;
			sourceTree = "<group>";
		};
		CE76DADB296D7C3100970780 /* Kuka Connector */ = {
			isa = PBXGroup;
			children = (
				4452447029AF205C00051F00 /* ViewModel */,
				4452446F29AF204900051F00 /* Coordinator */,
				4452445C29ACC67C00051F00 /* View */,
				4452445B29ACC67700051F00 /* Model */,
				CE76DAF3296D7C7400970780 /* Libs */,
				CE76DADC296D7C3100970780 /* AppDelegate.swift */,
				CE76DAE0296D7C3200970780 /* ViewController.swift */,
				CE2F4D29296EEDA300A866DE /* ActionsViewController.swift */,
				CE76DAE2296D7C3200970780 /* Main.storyboard */,
				CE76DAE8296D7C3800970780 /* Assets.xcassets */,
				CE76DAEA296D7C3800970780 /* LaunchScreen.storyboard */,
				CE76DAED296D7C3800970780 /* Info.plist */,
				CE76DAE5296D7C3200970780 /* Kuka_Connector.xcdatamodeld */,
				CE2F4D2B2970AE0300A866DE /* Box.swift */,
			);
			path = "Kuka Connector";
			sourceTree = "<group>";
		};
		CE76DAF3296D7C7400970780 /* Libs */ = {
			isa = PBXGroup;
			children = (
				CE76DAF4296D7D1600970780 /* BSDSocket.swift */,
				CE76DAF6296D7DAE00970780 /* Openshowvar.swift */,
				CE76DAF8296DD3E800970780 /* Kuka.swift */,
			);
			path = Libs;
			sourceTree = "<group>";
		};
/* End PBXGroup section */

/* Begin PBXNativeTarget section */
		CE76DAD8296D7C3100970780 /* Kuka Connector */ = {
			isa = PBXNativeTarget;
			buildConfigurationList = CE76DAF0296D7C3800970780 /* Build configuration list for PBXNativeTarget "Kuka Connector" */;
			buildPhases = (
				CE76DAD5296D7C3100970780 /* Sources */,
				CE76DAD6296D7C3100970780 /* Frameworks */,
				CE76DAD7296D7C3100970780 /* Resources */,
			);
			buildRules = (
			);
			dependencies = (
			);
			name = "Kuka Connector";
			productName = "Kuka Connector";
			productReference = CE76DAD9296D7C3100970780 /* Kuka Connector.app */;
			productType = "com.apple.product-type.application";
		};
/* End PBXNativeTarget section */

/* Begin PBXProject section */
		CE76DAD1296D7C3100970780 /* Project object */ = {
			isa = PBXProject;
			attributes = {
				BuildIndependentTargetsInParallel = 1;
				LastSwiftUpdateCheck = 1410;
				LastUpgradeCheck = 1410;
				TargetAttributes = {
					CE76DAD8296D7C3100970780 = {
						CreatedOnToolsVersion = 14.1;
					};
				};
			};
			buildConfigurationList = CE76DAD4296D7C3100970780 /* Build configuration list for PBXProject "Kuka Connector" */;
			compatibilityVersion = "Xcode 14.0";
			developmentRegion = en;
			hasScannedForEncodings = 0;
			knownRegions = (
				en,
				Base,
			);
			mainGroup = CE76DAD0296D7C3100970780;
			productRefGroup = CE76DADA296D7C3100970780 /* Products */;
			projectDirPath = "";
			projectRoot = "";
			targets = (
				CE76DAD8296D7C3100970780 /* Kuka Connector */,
			);
		};
/* End PBXProject section */

/* Begin PBXResourcesBuildPhase section */
		CE76DAD7296D7C3100970780 /* Resources */ = {
			isa = PBXResourcesBuildPhase;
			buildActionMask = 2147483647;
			files = (
				CE76DAEC296D7C3800970780 /* LaunchScreen.storyboard in Resources */,
				4452446A29ACC7C500051F00 /* PurpleButton.xib in Resources */,
				CE76DAE9296D7C3800970780 /* Assets.xcassets in Resources */,
				CE76DAE4296D7C3200970780 /* Main.storyboard in Resources */,
			);
			runOnlyForDeploymentPostprocessing = 0;
		};
/* End PBXResourcesBuildPhase section */

/* Begin PBXSourcesBuildPhase section */
		CE76DAD5296D7C3100970780 /* Sources */ = {
			isa = PBXSourcesBuildPhase;
			buildActionMask = 2147483647;
			files = (
				CE76DAF7296D7DAE00970780 /* Openshowvar.swift in Sources */,
				440884EA29AF2F6400F28485 /* NeonButton.swift in Sources */,
				CE76DAE1296D7C3200970780 /* ViewController.swift in Sources */,
				CE76DAF9296DD3E800970780 /* Kuka.swift in Sources */,
				CE76DAF5296D7D1600970780 /* BSDSocket.swift in Sources */,
				4452446129ACC6FA00051F00 /* AddressView.swift in Sources */,
				4452446829ACC77800051F00 /* PurpleButton.swift in Sources */,
				4452447229AF209C00051F00 /* ViewEnums.swift in Sources */,
				CE2F4D2C2970AE0400A866DE /* Box.swift in Sources */,
				4452446629ACC74F00051F00 /* GreenButton.swift in Sources */,
				CE2F4D2A296EEDA300A866DE /* ActionsViewController.swift in Sources */,
				CE76DADD296D7C3100970780 /* AppDelegate.swift in Sources */,
				4452446C29ACD8F700051F00 /* Customization.swift in Sources */,
			);
			runOnlyForDeploymentPostprocessing = 0;
		};
/* End PBXSourcesBuildPhase section */

/* Begin PBXVariantGroup section */
		CE76DAE2296D7C3200970780 /* Main.storyboard */ = {
			isa = PBXVariantGroup;
			children = (
				CE76DAE3296D7C3200970780 /* Base */,
			);
			name = Main.storyboard;
			sourceTree = "<group>";
		};
		CE76DAEA296D7C3800970780 /* LaunchScreen.storyboard */ = {
			isa = PBXVariantGroup;
			children = (
				CE76DAEB296D7C3800970780 /* Base */,
			);
			name = LaunchScreen.storyboard;
			sourceTree = "<group>";
		};
/* End PBXVariantGroup section */

/* Begin XCBuildConfiguration section */
		CE76DAEE296D7C3800970780 /* Debug */ = {
			isa = XCBuildConfiguration;
			buildSettings = {
				ALWAYS_SEARCH_USER_PATHS = NO;
				CLANG_ANALYZER_NONNULL = YES;
				CLANG_ANALYZER_NUMBER_OBJECT_CONVERSION = YES_AGGRESSIVE;
				CLANG_CXX_LANGUAGE_STANDARD = "gnu++20";
				CLANG_ENABLE_MODULES = YES;
				CLANG_ENABLE_OBJC_ARC = YES;
				CLANG_ENABLE_OBJC_WEAK = YES;
				CLANG_WARN_BLOCK_CAPTURE_AUTORELEASING = YES;
				CLANG_WARN_BOOL_CONVERSION = YES;
				CLANG_WARN_COMMA = YES;
				CLANG_WARN_CONSTANT_CONVERSION = YES;
				CLANG_WARN_DEPRECATED_OBJC_IMPLEMENTATIONS = YES;
				CLANG_WARN_DIRECT_OBJC_ISA_USAGE = YES_ERROR;
				CLANG_WARN_DOCUMENTATION_COMMENTS = YES;
				CLANG_WARN_EMPTY_BODY = YES;
				CLANG_WARN_ENUM_CONVERSION = YES;
				CLANG_WARN_INFINITE_RECURSION = YES;
				CLANG_WARN_INT_CONVERSION = YES;
				CLANG_WARN_NON_LITERAL_NULL_CONVERSION = YES;
				CLANG_WARN_OBJC_IMPLICIT_RETAIN_SELF = YES;
				CLANG_WARN_OBJC_LITERAL_CONVERSION = YES;
				CLANG_WARN_OBJC_ROOT_CLASS = YES_ERROR;
				CLANG_WARN_QUOTED_INCLUDE_IN_FRAMEWORK_HEADER = YES;
				CLANG_WARN_RANGE_LOOP_ANALYSIS = YES;
				CLANG_WARN_STRICT_PROTOTYPES = YES;
				CLANG_WARN_SUSPICIOUS_MOVE = YES;
				CLANG_WARN_UNGUARDED_AVAILABILITY = YES_AGGRESSIVE;
				CLANG_WARN_UNREACHABLE_CODE = YES;
				CLANG_WARN__DUPLICATE_METHOD_MATCH = YES;
				COPY_PHASE_STRIP = NO;
				DEBUG_INFORMATION_FORMAT = dwarf;
				ENABLE_STRICT_OBJC_MSGSEND = YES;
				ENABLE_TESTABILITY = YES;
				GCC_C_LANGUAGE_STANDARD = gnu11;
				GCC_DYNAMIC_NO_PIC = NO;
				GCC_NO_COMMON_BLOCKS = YES;
				GCC_OPTIMIZATION_LEVEL = 0;
				GCC_PREPROCESSOR_DEFINITIONS = (
					"DEBUG=1",
					"$(inherited)",
				);
				GCC_WARN_64_TO_32_BIT_CONVERSION = YES;
				GCC_WARN_ABOUT_RETURN_TYPE = YES_ERROR;
				GCC_WARN_UNDECLARED_SELECTOR = YES;
				GCC_WARN_UNINITIALIZED_AUTOS = YES_AGGRESSIVE;
				GCC_WARN_UNUSED_FUNCTION = YES;
				GCC_WARN_UNUSED_VARIABLE = YES;
				IPHONEOS_DEPLOYMENT_TARGET = 14.0;
				MTL_ENABLE_DEBUG_INFO = INCLUDE_SOURCE;
				MTL_FAST_MATH = YES;
				ONLY_ACTIVE_ARCH = YES;
				SDKROOT = iphoneos;
				SWIFT_ACTIVE_COMPILATION_CONDITIONS = DEBUG;
				SWIFT_OPTIMIZATION_LEVEL = "-Onone";
			};
			name = Debug;
		};
		CE76DAEF296D7C3800970780 /* Release */ = {
			isa = XCBuildConfiguration;
			buildSettings = {
				ALWAYS_SEARCH_USER_PATHS = NO;
				CLANG_ANALYZER_NONNULL = YES;
				CLANG_ANALYZER_NUMBER_OBJECT_CONVERSION = YES_AGGRESSIVE;
				CLANG_CXX_LANGUAGE_STANDARD = "gnu++20";
				CLANG_ENABLE_MODULES = YES;
				CLANG_ENABLE_OBJC_ARC = YES;
				CLANG_ENABLE_OBJC_WEAK = YES;
				CLANG_WARN_BLOCK_CAPTURE_AUTORELEASING = YES;
				CLANG_WARN_BOOL_CONVERSION = YES;
				CLANG_WARN_COMMA = YES;
				CLANG_WARN_CONSTANT_CONVERSION = YES;
				CLANG_WARN_DEPRECATED_OBJC_IMPLEMENTATIONS = YES;
				CLANG_WARN_DIRECT_OBJC_ISA_USAGE = YES_ERROR;
				CLANG_WARN_DOCUMENTATION_COMMENTS = YES;
				CLANG_WARN_EMPTY_BODY = YES;
				CLANG_WARN_ENUM_CONVERSION = YES;
				CLANG_WARN_INFINITE_RECURSION = YES;
				CLANG_WARN_INT_CONVERSION = YES;
				CLANG_WARN_NON_LITERAL_NULL_CONVERSION = YES;
				CLANG_WARN_OBJC_IMPLICIT_RETAIN_SELF = YES;
				CLANG_WARN_OBJC_LITERAL_CONVERSION = YES;
				CLANG_WARN_OBJC_ROOT_CLASS = YES_ERROR;
				CLANG_WARN_QUOTED_INCLUDE_IN_FRAMEWORK_HEADER = YES;
				CLANG_WARN_RANGE_LOOP_ANALYSIS = YES;
				CLANG_WARN_STRICT_PROTOTYPES = YES;
				CLANG_WARN_SUSPICIOUS_MOVE = YES;
				CLANG_WARN_UNGUARDED_AVAILABILITY = YES_AGGRESSIVE;
				CLANG_WARN_UNREACHABLE_CODE = YES;
				CLANG_WARN__DUPLICATE_METHOD_MATCH = YES;
				COPY_PHASE_STRIP = NO;
				DEBUG_INFORMATION_FORMAT = "dwarf-with-dsym";
				ENABLE_NS_ASSERTIONS = NO;
				ENABLE_STRICT_OBJC_MSGSEND = YES;
				GCC_C_LANGUAGE_STANDARD = gnu11;
				GCC_NO_COMMON_BLOCKS = YES;
				GCC_WARN_64_TO_32_BIT_CONVERSION = YES;
				GCC_WARN_ABOUT_RETURN_TYPE = YES_ERROR;
				GCC_WARN_UNDECLARED_SELECTOR = YES;
				GCC_WARN_UNINITIALIZED_AUTOS = YES_AGGRESSIVE;
				GCC_WARN_UNUSED_FUNCTION = YES;
				GCC_WARN_UNUSED_VARIABLE = YES;
				IPHONEOS_DEPLOYMENT_TARGET = 14.0;
				MTL_ENABLE_DEBUG_INFO = NO;
				MTL_FAST_MATH = YES;
				SDKROOT = iphoneos;
				SWIFT_COMPILATION_MODE = wholemodule;
				SWIFT_OPTIMIZATION_LEVEL = "-O";
				VALIDATE_PRODUCT = YES;
			};
			name = Release;
		};
		CE76DAF1296D7C3800970780 /* Debug */ = {
			isa = XCBuildConfiguration;
			buildSettings = {
				ASSETCATALOG_COMPILER_APPICON_NAME = AppIcon;
				ASSETCATALOG_COMPILER_GLOBAL_ACCENT_COLOR_NAME = AccentColor;
				CODE_SIGN_STYLE = Automatic;
				CURRENT_PROJECT_VERSION = 1;
				DEVELOPMENT_TEAM = DR7DRD793D;
				GENERATE_INFOPLIST_FILE = YES;
				INFOPLIST_FILE = "Kuka Connector/Info.plist";
				INFOPLIST_KEY_UIApplicationSupportsIndirectInputEvents = YES;
				INFOPLIST_KEY_UILaunchStoryboardName = LaunchScreen;
				INFOPLIST_KEY_UIMainStoryboardFile = Main;
				INFOPLIST_KEY_UISupportedInterfaceOrientations_iPad = "UIInterfaceOrientationPortrait UIInterfaceOrientationPortraitUpsideDown UIInterfaceOrientationLandscapeLeft UIInterfaceOrientationLandscapeRight";
				INFOPLIST_KEY_UISupportedInterfaceOrientations_iPhone = "UIInterfaceOrientationPortrait UIInterfaceOrientationLandscapeLeft UIInterfaceOrientationLandscapeRight";
				IPHONEOS_DEPLOYMENT_TARGET = 14.0;
				LD_RUNPATH_SEARCH_PATHS = (
					"$(inherited)",
					"@executable_path/Frameworks",
				);
				MARKETING_VERSION = 1.0;
				PRODUCT_BUNDLE_IDENTIFIER = "tetb.Kuka-Connector";
				PRODUCT_NAME = "$(TARGET_NAME)";
				SUPPORTED_PLATFORMS = "iphoneos iphonesimulator";
				SUPPORTS_MACCATALYST = NO;
				SUPPORTS_MAC_DESIGNED_FOR_IPHONE_IPAD = NO;
				SWIFT_EMIT_LOC_STRINGS = YES;
				SWIFT_VERSION = 5.0;
				TARGETED_DEVICE_FAMILY = 1;
			};
			name = Debug;
		};
		CE76DAF2296D7C3800970780 /* Release */ = {
			isa = XCBuildConfiguration;
			buildSettings = {
				ASSETCATALOG_COMPILER_APPICON_NAME = AppIcon;
				ASSETCATALOG_COMPILER_GLOBAL_ACCENT_COLOR_NAME = AccentColor;
				CODE_SIGN_STYLE = Automatic;
				CURRENT_PROJECT_VERSION = 1;
				DEVELOPMENT_TEAM = DR7DRD793D;
				GENERATE_INFOPLIST_FILE = YES;
				INFOPLIST_FILE = "Kuka Connector/Info.plist";
				INFOPLIST_KEY_UIApplicationSupportsIndirectInputEvents = YES;
				INFOPLIST_KEY_UILaunchStoryboardName = LaunchScreen;
				INFOPLIST_KEY_UIMainStoryboardFile = Main;
				INFOPLIST_KEY_UISupportedInterfaceOrientations_iPad = "UIInterfaceOrientationPortrait UIInterfaceOrientationPortraitUpsideDown UIInterfaceOrientationLandscapeLeft UIInterfaceOrientationLandscapeRight";
				INFOPLIST_KEY_UISupportedInterfaceOrientations_iPhone = "UIInterfaceOrientationPortrait UIInterfaceOrientationLandscapeLeft UIInterfaceOrientationLandscapeRight";
				IPHONEOS_DEPLOYMENT_TARGET = 14.0;
				LD_RUNPATH_SEARCH_PATHS = (
					"$(inherited)",
					"@executable_path/Frameworks",
				);
				MARKETING_VERSION = 1.0;
				PRODUCT_BUNDLE_IDENTIFIER = "tetb.Kuka-Connector";
				PRODUCT_NAME = "$(TARGET_NAME)";
				SUPPORTED_PLATFORMS = "iphoneos iphonesimulator";
				SUPPORTS_MACCATALYST = NO;
				SUPPORTS_MAC_DESIGNED_FOR_IPHONE_IPAD = NO;
				SWIFT_EMIT_LOC_STRINGS = YES;
				SWIFT_VERSION = 5.0;
				TARGETED_DEVICE_FAMILY = 1;
			};
			name = Release;
		};
/* End XCBuildConfiguration section */

/* Begin XCConfigurationList section */
		CE76DAD4296D7C3100970780 /* Build configuration list for PBXProject "Kuka Connector" */ = {
			isa = XCConfigurationList;
			buildConfigurations = (
				CE76DAEE296D7C3800970780 /* Debug */,
				CE76DAEF296D7C3800970780 /* Release */,
			);
			defaultConfigurationIsVisible = 0;
			defaultConfigurationName = Release;
		};
		CE76DAF0296D7C3800970780 /* Build configuration list for PBXNativeTarget "Kuka Connector" */ = {
			isa = XCConfigurationList;
			buildConfigurations = (
				CE76DAF1296D7C3800970780 /* Debug */,
				CE76DAF2296D7C3800970780 /* Release */,
			);
			defaultConfigurationIsVisible = 0;
			defaultConfigurationName = Release;
		};
/* End XCConfigurationList section */

/* Begin XCVersionGroup section */
		CE76DAE5296D7C3200970780 /* Kuka_Connector.xcdatamodeld */ = {
			isa = XCVersionGroup;
			children = (
				CE76DAE6296D7C3200970780 /* Kuka_Connector.xcdatamodel */,
			);
			currentVersion = CE76DAE6296D7C3200970780 /* Kuka_Connector.xcdatamodel */;
			path = Kuka_Connector.xcdatamodeld;
			sourceTree = "<group>";
			versionGroupType = wrapper.xcdatamodel;
		};
/* End XCVersionGroup section */
	};
	rootObject = CE76DAD1296D7C3100970780 /* Project object */;
}
